// !$*UTF8*$!
{
	archiveVersion = 1;
	classes = {
	};
	objectVersion = 51;
	objects = {

/* Begin PBXBuildFile section */
		28D136196560EA464867B10A /* Pods_FoodieApp.framework in Frameworks */ = {isa = PBXBuildFile; fileRef = D0B4A42A1B80EB6C365CECED /* Pods_FoodieApp.framework */; };
		854F4B9DC23FE16417180EF7 /* Pods_FoodieAppUITests.framework in Frameworks */ = {isa = PBXBuildFile; fileRef = 4F01B4469C381740597C8E55 /* Pods_FoodieAppUITests.framework */; };
		D99C42E1F1024944C858765D /* Pods_FoodieAppTests.framework in Frameworks */ = {isa = PBXBuildFile; fileRef = DB8B69DDE239ACEAD05A0508 /* Pods_FoodieAppTests.framework */; };
		F42FDA0D230F3B0500D80A0E /* AppDelegate.swift in Sources */ = {isa = PBXBuildFile; fileRef = F42FDA0C230F3B0500D80A0E /* AppDelegate.swift */; };
		F42FDA0F230F3B0500D80A0E /* ViewController.swift in Sources */ = {isa = PBXBuildFile; fileRef = F42FDA0E230F3B0500D80A0E /* ViewController.swift */; };
		F42FDA12230F3B0500D80A0E /* Main.storyboard in Resources */ = {isa = PBXBuildFile; fileRef = F42FDA10230F3B0500D80A0E /* Main.storyboard */; };
		F42FDA14230F3B0700D80A0E /* Assets.xcassets in Resources */ = {isa = PBXBuildFile; fileRef = F42FDA13230F3B0700D80A0E /* Assets.xcassets */; };
		F42FDA17230F3B0700D80A0E /* LaunchScreen.storyboard in Resources */ = {isa = PBXBuildFile; fileRef = F42FDA15230F3B0700D80A0E /* LaunchScreen.storyboard */; };
		F42FDA22230F3B0700D80A0E /* FoodieAppTests.swift in Sources */ = {isa = PBXBuildFile; fileRef = F42FDA21230F3B0700D80A0E /* FoodieAppTests.swift */; };
		F42FDA2D230F3B0700D80A0E /* FoodieAppUITests.swift in Sources */ = {isa = PBXBuildFile; fileRef = F42FDA2C230F3B0700D80A0E /* FoodieAppUITests.swift */; };
		F42FDA44230F706A00D80A0E /* ViewExtension.swift in Sources */ = {isa = PBXBuildFile; fileRef = F42FDA43230F706A00D80A0E /* ViewExtension.swift */; };
		F42FDA46230F707500D80A0E /* StringExtension.swift in Sources */ = {isa = PBXBuildFile; fileRef = F42FDA45230F707500D80A0E /* StringExtension.swift */; };
		F42FDA48230F708400D80A0E /* StoryBoardExtension.swift in Sources */ = {isa = PBXBuildFile; fileRef = F42FDA47230F708400D80A0E /* StoryBoardExtension.swift */; };
		F42FDA4E230F738B00D80A0E /* APICallError.swift in Sources */ = {isa = PBXBuildFile; fileRef = F42FDA4D230F738B00D80A0E /* APICallError.swift */; };
		F42FDA50230F73A900D80A0E /* APIResponseHandler.swift in Sources */ = {isa = PBXBuildFile; fileRef = F42FDA4F230F73A900D80A0E /* APIResponseHandler.swift */; };
		F42FDA52230F73B700D80A0E /* APIRequestAdapter.swift in Sources */ = {isa = PBXBuildFile; fileRef = F42FDA51230F73B700D80A0E /* APIRequestAdapter.swift */; };
		F42FDA54230F73C600D80A0E /* APIConst.swift in Sources */ = {isa = PBXBuildFile; fileRef = F42FDA53230F73C600D80A0E /* APIConst.swift */; };
		F42FDA56230F73CF00D80A0E /* APIClient.swift in Sources */ = {isa = PBXBuildFile; fileRef = F42FDA55230F73CF00D80A0E /* APIClient.swift */; };
		F42FDA58230F75D200D80A0E /* RealmGeneralManager.swift in Sources */ = {isa = PBXBuildFile; fileRef = F42FDA57230F75D200D80A0E /* RealmGeneralManager.swift */; };
		F42FDA5A231078AD00D80A0E /* Categories.swift in Sources */ = {isa = PBXBuildFile; fileRef = F42FDA59231078AD00D80A0E /* Categories.swift */; };
		F42FDA5C23107A8000D80A0E /* GeneralRouter.swift in Sources */ = {isa = PBXBuildFile; fileRef = F42FDA5B23107A8000D80A0E /* GeneralRouter.swift */; };
		F42FDA5E23107B5600D80A0E /* GeneralManager.swift in Sources */ = {isa = PBXBuildFile; fileRef = F42FDA5D23107B5600D80A0E /* GeneralManager.swift */; };
		F42FDA6023107D2900D80A0E /* Restaurant.swift in Sources */ = {isa = PBXBuildFile; fileRef = F42FDA5F23107D2900D80A0E /* Restaurant.swift */; };
		F42FDA622310829B00D80A0E /* RestaurantDetailsInfo.swift in Sources */ = {isa = PBXBuildFile; fileRef = F42FDA612310829B00D80A0E /* RestaurantDetailsInfo.swift */; };
		F42FDA64231085CC00D80A0E /* TimeUtils.swift in Sources */ = {isa = PBXBuildFile; fileRef = F42FDA63231085CC00D80A0E /* TimeUtils.swift */; };
		F4F225882310CB8F00A49299 /* CategoryObj.swift in Sources */ = {isa = PBXBuildFile; fileRef = F4F225872310CB8F00A49299 /* CategoryObj.swift */; };
/* End PBXBuildFile section */

/* Begin PBXContainerItemProxy section */
		F42FDA1E230F3B0700D80A0E /* PBXContainerItemProxy */ = {
			isa = PBXContainerItemProxy;
			containerPortal = F42FDA01230F3B0500D80A0E /* Project object */;
			proxyType = 1;
			remoteGlobalIDString = F42FDA08230F3B0500D80A0E;
			remoteInfo = FoodieApp;
		};
		F42FDA29230F3B0700D80A0E /* PBXContainerItemProxy */ = {
			isa = PBXContainerItemProxy;
			containerPortal = F42FDA01230F3B0500D80A0E /* Project object */;
			proxyType = 1;
			remoteGlobalIDString = F42FDA08230F3B0500D80A0E;
			remoteInfo = FoodieApp;
		};
/* End PBXContainerItemProxy section */

/* Begin PBXFileReference section */
		4AF5D4C0BA37BF3976FFCFF5 /* Pods-FoodieApp.debug.xcconfig */ = {isa = PBXFileReference; includeInIndex = 1; lastKnownFileType = text.xcconfig; name = "Pods-FoodieApp.debug.xcconfig"; path = "Target Support Files/Pods-FoodieApp/Pods-FoodieApp.debug.xcconfig"; sourceTree = "<group>"; };
		4F01B4469C381740597C8E55 /* Pods_FoodieAppUITests.framework */ = {isa = PBXFileReference; explicitFileType = wrapper.framework; includeInIndex = 0; path = Pods_FoodieAppUITests.framework; sourceTree = BUILT_PRODUCTS_DIR; };
		606F5DACC0A4ACD0E15AD5E9 /* Pods-FoodieAppUITests.release.xcconfig */ = {isa = PBXFileReference; includeInIndex = 1; lastKnownFileType = text.xcconfig; name = "Pods-FoodieAppUITests.release.xcconfig"; path = "Target Support Files/Pods-FoodieAppUITests/Pods-FoodieAppUITests.release.xcconfig"; sourceTree = "<group>"; };
		7058B2958BA449EDD4C68354 /* Pods-FoodieAppTests.debug.xcconfig */ = {isa = PBXFileReference; includeInIndex = 1; lastKnownFileType = text.xcconfig; name = "Pods-FoodieAppTests.debug.xcconfig"; path = "Target Support Files/Pods-FoodieAppTests/Pods-FoodieAppTests.debug.xcconfig"; sourceTree = "<group>"; };
		8C92099050FFCA0422FF97A1 /* Pods-FoodieAppUITests.debug.xcconfig */ = {isa = PBXFileReference; includeInIndex = 1; lastKnownFileType = text.xcconfig; name = "Pods-FoodieAppUITests.debug.xcconfig"; path = "Target Support Files/Pods-FoodieAppUITests/Pods-FoodieAppUITests.debug.xcconfig"; sourceTree = "<group>"; };
		B37D7FB21F52D978BBDF80E6 /* Pods-FoodieApp.release.xcconfig */ = {isa = PBXFileReference; includeInIndex = 1; lastKnownFileType = text.xcconfig; name = "Pods-FoodieApp.release.xcconfig"; path = "Target Support Files/Pods-FoodieApp/Pods-FoodieApp.release.xcconfig"; sourceTree = "<group>"; };
		B47F334EDDEF21AEB4BBA4BE /* Pods-FoodieAppTests.release.xcconfig */ = {isa = PBXFileReference; includeInIndex = 1; lastKnownFileType = text.xcconfig; name = "Pods-FoodieAppTests.release.xcconfig"; path = "Target Support Files/Pods-FoodieAppTests/Pods-FoodieAppTests.release.xcconfig"; sourceTree = "<group>"; };
		D0B4A42A1B80EB6C365CECED /* Pods_FoodieApp.framework */ = {isa = PBXFileReference; explicitFileType = wrapper.framework; includeInIndex = 0; path = Pods_FoodieApp.framework; sourceTree = BUILT_PRODUCTS_DIR; };
		DB8B69DDE239ACEAD05A0508 /* Pods_FoodieAppTests.framework */ = {isa = PBXFileReference; explicitFileType = wrapper.framework; includeInIndex = 0; path = Pods_FoodieAppTests.framework; sourceTree = BUILT_PRODUCTS_DIR; };
		F42FDA09230F3B0500D80A0E /* FoodieApp.app */ = {isa = PBXFileReference; explicitFileType = wrapper.application; includeInIndex = 0; path = FoodieApp.app; sourceTree = BUILT_PRODUCTS_DIR; };
		F42FDA0C230F3B0500D80A0E /* AppDelegate.swift */ = {isa = PBXFileReference; lastKnownFileType = sourcecode.swift; path = AppDelegate.swift; sourceTree = "<group>"; };
		F42FDA0E230F3B0500D80A0E /* ViewController.swift */ = {isa = PBXFileReference; lastKnownFileType = sourcecode.swift; path = ViewController.swift; sourceTree = "<group>"; };
		F42FDA11230F3B0500D80A0E /* Base */ = {isa = PBXFileReference; lastKnownFileType = file.storyboard; name = Base; path = Base.lproj/Main.storyboard; sourceTree = "<group>"; };
		F42FDA13230F3B0700D80A0E /* Assets.xcassets */ = {isa = PBXFileReference; lastKnownFileType = folder.assetcatalog; path = Assets.xcassets; sourceTree = "<group>"; };
		F42FDA16230F3B0700D80A0E /* Base */ = {isa = PBXFileReference; lastKnownFileType = file.storyboard; name = Base; path = Base.lproj/LaunchScreen.storyboard; sourceTree = "<group>"; };
		F42FDA18230F3B0700D80A0E /* Info.plist */ = {isa = PBXFileReference; lastKnownFileType = text.plist.xml; path = Info.plist; sourceTree = "<group>"; };
		F42FDA1D230F3B0700D80A0E /* FoodieAppTests.xctest */ = {isa = PBXFileReference; explicitFileType = wrapper.cfbundle; includeInIndex = 0; path = FoodieAppTests.xctest; sourceTree = BUILT_PRODUCTS_DIR; };
		F42FDA21230F3B0700D80A0E /* FoodieAppTests.swift */ = {isa = PBXFileReference; lastKnownFileType = sourcecode.swift; path = FoodieAppTests.swift; sourceTree = "<group>"; };
		F42FDA23230F3B0700D80A0E /* Info.plist */ = {isa = PBXFileReference; lastKnownFileType = text.plist.xml; path = Info.plist; sourceTree = "<group>"; };
		F42FDA28230F3B0700D80A0E /* FoodieAppUITests.xctest */ = {isa = PBXFileReference; explicitFileType = wrapper.cfbundle; includeInIndex = 0; path = FoodieAppUITests.xctest; sourceTree = BUILT_PRODUCTS_DIR; };
		F42FDA2C230F3B0700D80A0E /* FoodieAppUITests.swift */ = {isa = PBXFileReference; lastKnownFileType = sourcecode.swift; path = FoodieAppUITests.swift; sourceTree = "<group>"; };
		F42FDA2E230F3B0700D80A0E /* Info.plist */ = {isa = PBXFileReference; lastKnownFileType = text.plist.xml; path = Info.plist; sourceTree = "<group>"; };
		F42FDA43230F706A00D80A0E /* ViewExtension.swift */ = {isa = PBXFileReference; lastKnownFileType = sourcecode.swift; path = ViewExtension.swift; sourceTree = "<group>"; };
		F42FDA45230F707500D80A0E /* StringExtension.swift */ = {isa = PBXFileReference; lastKnownFileType = sourcecode.swift; path = StringExtension.swift; sourceTree = "<group>"; };
		F42FDA47230F708400D80A0E /* StoryBoardExtension.swift */ = {isa = PBXFileReference; lastKnownFileType = sourcecode.swift; path = StoryBoardExtension.swift; sourceTree = "<group>"; };
		F42FDA4D230F738B00D80A0E /* APICallError.swift */ = {isa = PBXFileReference; lastKnownFileType = sourcecode.swift; path = APICallError.swift; sourceTree = "<group>"; };
		F42FDA4F230F73A900D80A0E /* APIResponseHandler.swift */ = {isa = PBXFileReference; lastKnownFileType = sourcecode.swift; path = APIResponseHandler.swift; sourceTree = "<group>"; };
		F42FDA51230F73B700D80A0E /* APIRequestAdapter.swift */ = {isa = PBXFileReference; lastKnownFileType = sourcecode.swift; path = APIRequestAdapter.swift; sourceTree = "<group>"; };
		F42FDA53230F73C600D80A0E /* APIConst.swift */ = {isa = PBXFileReference; lastKnownFileType = sourcecode.swift; path = APIConst.swift; sourceTree = "<group>"; };
		F42FDA55230F73CF00D80A0E /* APIClient.swift */ = {isa = PBXFileReference; lastKnownFileType = sourcecode.swift; path = APIClient.swift; sourceTree = "<group>"; };
		F42FDA57230F75D200D80A0E /* RealmGeneralManager.swift */ = {isa = PBXFileReference; lastKnownFileType = sourcecode.swift; path = RealmGeneralManager.swift; sourceTree = "<group>"; };
		F42FDA59231078AD00D80A0E /* Categories.swift */ = {isa = PBXFileReference; lastKnownFileType = sourcecode.swift; path = Categories.swift; sourceTree = "<group>"; };
		F42FDA5B23107A8000D80A0E /* GeneralRouter.swift */ = {isa = PBXFileReference; lastKnownFileType = sourcecode.swift; path = GeneralRouter.swift; sourceTree = "<group>"; };
		F42FDA5D23107B5600D80A0E /* GeneralManager.swift */ = {isa = PBXFileReference; lastKnownFileType = sourcecode.swift; path = GeneralManager.swift; sourceTree = "<group>"; };
		F42FDA5F23107D2900D80A0E /* Restaurant.swift */ = {isa = PBXFileReference; lastKnownFileType = sourcecode.swift; path = Restaurant.swift; sourceTree = "<group>"; };
		F42FDA612310829B00D80A0E /* RestaurantDetailsInfo.swift */ = {isa = PBXFileReference; lastKnownFileType = sourcecode.swift; path = RestaurantDetailsInfo.swift; sourceTree = "<group>"; };
		F42FDA63231085CC00D80A0E /* TimeUtils.swift */ = {isa = PBXFileReference; lastKnownFileType = sourcecode.swift; path = TimeUtils.swift; sourceTree = "<group>"; };
		F4F225872310CB8F00A49299 /* CategoryObj.swift */ = {isa = PBXFileReference; lastKnownFileType = sourcecode.swift; path = CategoryObj.swift; sourceTree = "<group>"; };
/* End PBXFileReference section */

/* Begin PBXFrameworksBuildPhase section */
		F42FDA06230F3B0500D80A0E /* Frameworks */ = {
			isa = PBXFrameworksBuildPhase;
			buildActionMask = 2147483647;
			files = (
				28D136196560EA464867B10A /* Pods_FoodieApp.framework in Frameworks */,
			);
			runOnlyForDeploymentPostprocessing = 0;
		};
		F42FDA1A230F3B0700D80A0E /* Frameworks */ = {
			isa = PBXFrameworksBuildPhase;
			buildActionMask = 2147483647;
			files = (
				D99C42E1F1024944C858765D /* Pods_FoodieAppTests.framework in Frameworks */,
			);
			runOnlyForDeploymentPostprocessing = 0;
		};
		F42FDA25230F3B0700D80A0E /* Frameworks */ = {
			isa = PBXFrameworksBuildPhase;
			buildActionMask = 2147483647;
			files = (
				854F4B9DC23FE16417180EF7 /* Pods_FoodieAppUITests.framework in Frameworks */,
			);
			runOnlyForDeploymentPostprocessing = 0;
		};
/* End PBXFrameworksBuildPhase section */

/* Begin PBXGroup section */
		1EB86E83E4B094123B52D7D7 /* Pods */ = {
			isa = PBXGroup;
			children = (
				4AF5D4C0BA37BF3976FFCFF5 /* Pods-FoodieApp.debug.xcconfig */,
				B37D7FB21F52D978BBDF80E6 /* Pods-FoodieApp.release.xcconfig */,
				7058B2958BA449EDD4C68354 /* Pods-FoodieAppTests.debug.xcconfig */,
				B47F334EDDEF21AEB4BBA4BE /* Pods-FoodieAppTests.release.xcconfig */,
				8C92099050FFCA0422FF97A1 /* Pods-FoodieAppUITests.debug.xcconfig */,
				606F5DACC0A4ACD0E15AD5E9 /* Pods-FoodieAppUITests.release.xcconfig */,
			);
			path = Pods;
			sourceTree = "<group>";
		};
		90AF9803F475BF78713E7AF7 /* Frameworks */ = {
			isa = PBXGroup;
			children = (
				D0B4A42A1B80EB6C365CECED /* Pods_FoodieApp.framework */,
				DB8B69DDE239ACEAD05A0508 /* Pods_FoodieAppTests.framework */,
				4F01B4469C381740597C8E55 /* Pods_FoodieAppUITests.framework */,
			);
			name = Frameworks;
			sourceTree = "<group>";
		};
		F42FDA00230F3B0500D80A0E = {
			isa = PBXGroup;
			children = (
				F42FDA0B230F3B0500D80A0E /* FoodieApp */,
				F42FDA20230F3B0700D80A0E /* FoodieAppTests */,
				F42FDA2B230F3B0700D80A0E /* FoodieAppUITests */,
				F42FDA0A230F3B0500D80A0E /* Products */,
				1EB86E83E4B094123B52D7D7 /* Pods */,
				90AF9803F475BF78713E7AF7 /* Frameworks */,
			);
			sourceTree = "<group>";
		};
		F42FDA0A230F3B0500D80A0E /* Products */ = {
			isa = PBXGroup;
			children = (
				F42FDA09230F3B0500D80A0E /* FoodieApp.app */,
				F42FDA1D230F3B0700D80A0E /* FoodieAppTests.xctest */,
				F42FDA28230F3B0700D80A0E /* FoodieAppUITests.xctest */,
			);
			name = Products;
			sourceTree = "<group>";
		};
		F42FDA0B230F3B0500D80A0E /* FoodieApp */ = {
			isa = PBXGroup;
			children = (
				F42FDA42230F6FF800D80A0E /* Utils */,
				F42FDA3F230F6FC900D80A0E /* Model */,
				F42FDA3C230F6F9900D80A0E /* Views */,
				F42FDA3B230F6F8C00D80A0E /* View Controllers */,
				F42FDA3A230F6F8000D80A0E /* Supporting Files */,
			);
			path = FoodieApp;
			sourceTree = "<group>";
		};
		F42FDA20230F3B0700D80A0E /* FoodieAppTests */ = {
			isa = PBXGroup;
			children = (
				F42FDA21230F3B0700D80A0E /* FoodieAppTests.swift */,
				F42FDA23230F3B0700D80A0E /* Info.plist */,
			);
			path = FoodieAppTests;
			sourceTree = "<group>";
		};
		F42FDA2B230F3B0700D80A0E /* FoodieAppUITests */ = {
			isa = PBXGroup;
			children = (
				F42FDA2C230F3B0700D80A0E /* FoodieAppUITests.swift */,
				F42FDA2E230F3B0700D80A0E /* Info.plist */,
			);
			path = FoodieAppUITests;
			sourceTree = "<group>";
		};
		F42FDA3A230F6F8000D80A0E /* Supporting Files */ = {
			isa = PBXGroup;
			children = (
				F42FDA0C230F3B0500D80A0E /* AppDelegate.swift */,
				F42FDA13230F3B0700D80A0E /* Assets.xcassets */,
				F42FDA15230F3B0700D80A0E /* LaunchScreen.storyboard */,
				F42FDA18230F3B0700D80A0E /* Info.plist */,
			);
			path = "Supporting Files";
			sourceTree = "<group>";
		};
		F42FDA3B230F6F8C00D80A0E /* View Controllers */ = {
			isa = PBXGroup;
			children = (
				F42FDA0E230F3B0500D80A0E /* ViewController.swift */,
			);
			path = "View Controllers";
			sourceTree = "<group>";
		};
		F42FDA3C230F6F9900D80A0E /* Views */ = {
			isa = PBXGroup;
			children = (
				F42FDA3E230F6FB900D80A0E /* CustomViews */,
				F42FDA3D230F6FA500D80A0E /* StoryBoards */,
			);
			path = Views;
			sourceTree = "<group>";
		};
		F42FDA3D230F6FA500D80A0E /* StoryBoards */ = {
			isa = PBXGroup;
			children = (
				F42FDA10230F3B0500D80A0E /* Main.storyboard */,
			);
			path = StoryBoards;
			sourceTree = "<group>";
		};
		F42FDA3E230F6FB900D80A0E /* CustomViews */ = {
			isa = PBXGroup;
			children = (
			);
			path = CustomViews;
			sourceTree = "<group>";
		};
		F42FDA3F230F6FC900D80A0E /* Model */ = {
			isa = PBXGroup;
			children = (
				F42FDA40230F6FD300D80A0E /* DataBase */,
				F42FDA41230F6FE900D80A0E /* API */,
			);
			path = Model;
			sourceTree = "<group>";
		};
		F42FDA40230F6FD300D80A0E /* DataBase */ = {
			isa = PBXGroup;
			children = (
				F42FDA57230F75D200D80A0E /* RealmGeneralManager.swift */,
				F4F225872310CB8F00A49299 /* CategoryObj.swift */,
			);
			path = DataBase;
			sourceTree = "<group>";
		};
		F42FDA41230F6FE900D80A0E /* API */ = {
			isa = PBXGroup;
			children = (
				F42FDA49230F72A900D80A0E /* Helpers */,
				F42FDA4B230F72C500D80A0E /* DataAccess */,
				F42FDA4A230F72BA00D80A0E /* Routers */,
				F42FDA4C230F730800D80A0E /* Managers */,
			);
			path = API;
			sourceTree = "<group>";
		};
		F42FDA42230F6FF800D80A0E /* Utils */ = {
			isa = PBXGroup;
			children = (
				F42FDA43230F706A00D80A0E /* ViewExtension.swift */,
				F42FDA45230F707500D80A0E /* StringExtension.swift */,
				F42FDA47230F708400D80A0E /* StoryBoardExtension.swift */,
				F42FDA63231085CC00D80A0E /* TimeUtils.swift */,
			);
			path = Utils;
			sourceTree = "<group>";
		};
		F42FDA49230F72A900D80A0E /* Helpers */ = {
			isa = PBXGroup;
			children = (
				F42FDA4D230F738B00D80A0E /* APICallError.swift */,
				F42FDA4F230F73A900D80A0E /* APIResponseHandler.swift */,
				F42FDA51230F73B700D80A0E /* APIRequestAdapter.swift */,
				F42FDA53230F73C600D80A0E /* APIConst.swift */,
				F42FDA55230F73CF00D80A0E /* APIClient.swift */,
			);
			path = Helpers;
			sourceTree = "<group>";
		};
		F42FDA4A230F72BA00D80A0E /* Routers */ = {
			isa = PBXGroup;
			children = (
				F42FDA5B23107A8000D80A0E /* GeneralRouter.swift */,
			);
			path = Routers;
			sourceTree = "<group>";
		};
		F42FDA4B230F72C500D80A0E /* DataAccess */ = {
			isa = PBXGroup;
			children = (
				F42FDA59231078AD00D80A0E /* Categories.swift */,
				F42FDA5F23107D2900D80A0E /* Restaurant.swift */,
				F42FDA612310829B00D80A0E /* RestaurantDetailsInfo.swift */,
			);
			path = DataAccess;
			sourceTree = "<group>";
		};
		F42FDA4C230F730800D80A0E /* Managers */ = {
			isa = PBXGroup;
			children = (
				F42FDA5D23107B5600D80A0E /* GeneralManager.swift */,
			);
			path = Managers;
			sourceTree = "<group>";
		};
/* End PBXGroup section */

/* Begin PBXNativeTarget section */
		F42FDA08230F3B0500D80A0E /* FoodieApp */ = {
			isa = PBXNativeTarget;
			buildConfigurationList = F42FDA31230F3B0700D80A0E /* Build configuration list for PBXNativeTarget "FoodieApp" */;
			buildPhases = (
				2DC11A55F3CF3577FAF375D2 /* [CP] Check Pods Manifest.lock */,
				F42FDA05230F3B0500D80A0E /* Sources */,
				F42FDA06230F3B0500D80A0E /* Frameworks */,
				F42FDA07230F3B0500D80A0E /* Resources */,
				8B2BDF961C28A8EEABB28F18 /* [CP] Embed Pods Frameworks */,
			);
			buildRules = (
			);
			dependencies = (
			);
			name = FoodieApp;
			productName = FoodieApp;
			productReference = F42FDA09230F3B0500D80A0E /* FoodieApp.app */;
			productType = "com.apple.product-type.application";
		};
		F42FDA1C230F3B0700D80A0E /* FoodieAppTests */ = {
			isa = PBXNativeTarget;
			buildConfigurationList = F42FDA34230F3B0700D80A0E /* Build configuration list for PBXNativeTarget "FoodieAppTests" */;
			buildPhases = (
				114680B71B48A406C4ED0B85 /* [CP] Check Pods Manifest.lock */,
				F42FDA19230F3B0700D80A0E /* Sources */,
				F42FDA1A230F3B0700D80A0E /* Frameworks */,
				F42FDA1B230F3B0700D80A0E /* Resources */,
			);
			buildRules = (
			);
			dependencies = (
				F42FDA1F230F3B0700D80A0E /* PBXTargetDependency */,
			);
			name = FoodieAppTests;
			productName = FoodieAppTests;
			productReference = F42FDA1D230F3B0700D80A0E /* FoodieAppTests.xctest */;
			productType = "com.apple.product-type.bundle.unit-test";
		};
		F42FDA27230F3B0700D80A0E /* FoodieAppUITests */ = {
			isa = PBXNativeTarget;
			buildConfigurationList = F42FDA37230F3B0700D80A0E /* Build configuration list for PBXNativeTarget "FoodieAppUITests" */;
			buildPhases = (
				DB776A442AED19CC21235037 /* [CP] Check Pods Manifest.lock */,
				F42FDA24230F3B0700D80A0E /* Sources */,
				F42FDA25230F3B0700D80A0E /* Frameworks */,
				F42FDA26230F3B0700D80A0E /* Resources */,
			);
			buildRules = (
			);
			dependencies = (
				F42FDA2A230F3B0700D80A0E /* PBXTargetDependency */,
			);
			name = FoodieAppUITests;
			productName = FoodieAppUITests;
			productReference = F42FDA28230F3B0700D80A0E /* FoodieAppUITests.xctest */;
			productType = "com.apple.product-type.bundle.ui-testing";
		};
/* End PBXNativeTarget section */

/* Begin PBXProject section */
		F42FDA01230F3B0500D80A0E /* Project object */ = {
			isa = PBXProject;
			attributes = {
				LastSwiftUpdateCheck = 1020;
				LastUpgradeCheck = 1020;
				ORGANIZATIONNAME = "Mervin Flores";
				TargetAttributes = {
					F42FDA08230F3B0500D80A0E = {
						CreatedOnToolsVersion = 10.2.1;
					};
					F42FDA1C230F3B0700D80A0E = {
						CreatedOnToolsVersion = 10.2.1;
						TestTargetID = F42FDA08230F3B0500D80A0E;
					};
					F42FDA27230F3B0700D80A0E = {
						CreatedOnToolsVersion = 10.2.1;
						TestTargetID = F42FDA08230F3B0500D80A0E;
					};
				};
			};
			buildConfigurationList = F42FDA04230F3B0500D80A0E /* Build configuration list for PBXProject "FoodieApp" */;
			compatibilityVersion = "Xcode 9.3";
			developmentRegion = en;
			hasScannedForEncodings = 0;
			knownRegions = (
				en,
				Base,
			);
			mainGroup = F42FDA00230F3B0500D80A0E;
			productRefGroup = F42FDA0A230F3B0500D80A0E /* Products */;
			projectDirPath = "";
			projectRoot = "";
			targets = (
				F42FDA08230F3B0500D80A0E /* FoodieApp */,
				F42FDA1C230F3B0700D80A0E /* FoodieAppTests */,
				F42FDA27230F3B0700D80A0E /* FoodieAppUITests */,
			);
		};
/* End PBXProject section */

/* Begin PBXResourcesBuildPhase section */
		F42FDA07230F3B0500D80A0E /* Resources */ = {
			isa = PBXResourcesBuildPhase;
			buildActionMask = 2147483647;
			files = (
				F42FDA17230F3B0700D80A0E /* LaunchScreen.storyboard in Resources */,
				F42FDA14230F3B0700D80A0E /* Assets.xcassets in Resources */,
				F42FDA12230F3B0500D80A0E /* Main.storyboard in Resources */,
			);
			runOnlyForDeploymentPostprocessing = 0;
		};
		F42FDA1B230F3B0700D80A0E /* Resources */ = {
			isa = PBXResourcesBuildPhase;
			buildActionMask = 2147483647;
			files = (
			);
			runOnlyForDeploymentPostprocessing = 0;
		};
		F42FDA26230F3B0700D80A0E /* Resources */ = {
			isa = PBXResourcesBuildPhase;
			buildActionMask = 2147483647;
			files = (
			);
			runOnlyForDeploymentPostprocessing = 0;
		};
/* End PBXResourcesBuildPhase section */

/* Begin PBXShellScriptBuildPhase section */
		114680B71B48A406C4ED0B85 /* [CP] Check Pods Manifest.lock */ = {
			isa = PBXShellScriptBuildPhase;
			buildActionMask = 2147483647;
			files = (
			);
			inputFileListPaths = (
			);
			inputPaths = (
				"${PODS_PODFILE_DIR_PATH}/Podfile.lock",
				"${PODS_ROOT}/Manifest.lock",
			);
			name = "[CP] Check Pods Manifest.lock";
			outputFileListPaths = (
			);
			outputPaths = (
				"$(DERIVED_FILE_DIR)/Pods-FoodieAppTests-checkManifestLockResult.txt",
			);
			runOnlyForDeploymentPostprocessing = 0;
			shellPath = /bin/sh;
			shellScript = "diff \"${PODS_PODFILE_DIR_PATH}/Podfile.lock\" \"${PODS_ROOT}/Manifest.lock\" > /dev/null\nif [ $? != 0 ] ; then\n    # print error to STDERR\n    echo \"error: The sandbox is not in sync with the Podfile.lock. Run 'pod install' or update your CocoaPods installation.\" >&2\n    exit 1\nfi\n# This output is used by Xcode 'outputs' to avoid re-running this script phase.\necho \"SUCCESS\" > \"${SCRIPT_OUTPUT_FILE_0}\"\n";
			showEnvVarsInLog = 0;
		};
		2DC11A55F3CF3577FAF375D2 /* [CP] Check Pods Manifest.lock */ = {
			isa = PBXShellScriptBuildPhase;
			buildActionMask = 2147483647;
			files = (
			);
			inputFileListPaths = (
			);
			inputPaths = (
				"${PODS_PODFILE_DIR_PATH}/Podfile.lock",
				"${PODS_ROOT}/Manifest.lock",
			);
			name = "[CP] Check Pods Manifest.lock";
			outputFileListPaths = (
			);
			outputPaths = (
				"$(DERIVED_FILE_DIR)/Pods-FoodieApp-checkManifestLockResult.txt",
			);
			runOnlyForDeploymentPostprocessing = 0;
			shellPath = /bin/sh;
			shellScript = "diff \"${PODS_PODFILE_DIR_PATH}/Podfile.lock\" \"${PODS_ROOT}/Manifest.lock\" > /dev/null\nif [ $? != 0 ] ; then\n    # print error to STDERR\n    echo \"error: The sandbox is not in sync with the Podfile.lock. Run 'pod install' or update your CocoaPods installation.\" >&2\n    exit 1\nfi\n# This output is used by Xcode 'outputs' to avoid re-running this script phase.\necho \"SUCCESS\" > \"${SCRIPT_OUTPUT_FILE_0}\"\n";
			showEnvVarsInLog = 0;
		};
		8B2BDF961C28A8EEABB28F18 /* [CP] Embed Pods Frameworks */ = {
			isa = PBXShellScriptBuildPhase;
			buildActionMask = 2147483647;
			files = (
			);
			inputFileListPaths = (
				"${PODS_ROOT}/Target Support Files/Pods-FoodieApp/Pods-FoodieApp-frameworks-${CONFIGURATION}-input-files.xcfilelist",
			);
			name = "[CP] Embed Pods Frameworks";
			outputFileListPaths = (
				"${PODS_ROOT}/Target Support Files/Pods-FoodieApp/Pods-FoodieApp-frameworks-${CONFIGURATION}-output-files.xcfilelist",
			);
			runOnlyForDeploymentPostprocessing = 0;
			shellPath = /bin/sh;
			shellScript = "\"${PODS_ROOT}/Target Support Files/Pods-FoodieApp/Pods-FoodieApp-frameworks.sh\"\n";
			showEnvVarsInLog = 0;
		};
		DB776A442AED19CC21235037 /* [CP] Check Pods Manifest.lock */ = {
			isa = PBXShellScriptBuildPhase;
			buildActionMask = 2147483647;
			files = (
			);
			inputFileListPaths = (
			);
			inputPaths = (
				"${PODS_PODFILE_DIR_PATH}/Podfile.lock",
				"${PODS_ROOT}/Manifest.lock",
			);
			name = "[CP] Check Pods Manifest.lock";
			outputFileListPaths = (
			);
			outputPaths = (
				"$(DERIVED_FILE_DIR)/Pods-FoodieAppUITests-checkManifestLockResult.txt",
			);
			runOnlyForDeploymentPostprocessing = 0;
			shellPath = /bin/sh;
			shellScript = "diff \"${PODS_PODFILE_DIR_PATH}/Podfile.lock\" \"${PODS_ROOT}/Manifest.lock\" > /dev/null\nif [ $? != 0 ] ; then\n    # print error to STDERR\n    echo \"error: The sandbox is not in sync with the Podfile.lock. Run 'pod install' or update your CocoaPods installation.\" >&2\n    exit 1\nfi\n# This output is used by Xcode 'outputs' to avoid re-running this script phase.\necho \"SUCCESS\" > \"${SCRIPT_OUTPUT_FILE_0}\"\n";
			showEnvVarsInLog = 0;
		};
/* End PBXShellScriptBuildPhase section */

/* Begin PBXSourcesBuildPhase section */
		F42FDA05230F3B0500D80A0E /* Sources */ = {
			isa = PBXSourcesBuildPhase;
			buildActionMask = 2147483647;
			files = (
				F42FDA46230F707500D80A0E /* StringExtension.swift in Sources */,
				F42FDA64231085CC00D80A0E /* TimeUtils.swift in Sources */,
				F42FDA622310829B00D80A0E /* RestaurantDetailsInfo.swift in Sources */,
				F4F225882310CB8F00A49299 /* CategoryObj.swift in Sources */,
				F42FDA44230F706A00D80A0E /* ViewExtension.swift in Sources */,
				F42FDA0F230F3B0500D80A0E /* ViewController.swift in Sources */,
				F42FDA56230F73CF00D80A0E /* APIClient.swift in Sources */,
				F42FDA4E230F738B00D80A0E /* APICallError.swift in Sources */,
				F42FDA6023107D2900D80A0E /* Restaurant.swift in Sources */,
				F42FDA5A231078AD00D80A0E /* Categories.swift in Sources */,
				F42FDA48230F708400D80A0E /* StoryBoardExtension.swift in Sources */,
				F42FDA5C23107A8000D80A0E /* GeneralRouter.swift in Sources */,
				F42FDA50230F73A900D80A0E /* APIResponseHandler.swift in Sources */,
				F42FDA58230F75D200D80A0E /* RealmGeneralManager.swift in Sources */,
				F42FDA54230F73C600D80A0E /* APIConst.swift in Sources */,
				F42FDA52230F73B700D80A0E /* APIRequestAdapter.swift in Sources */,
				F42FDA5E23107B5600D80A0E /* GeneralManager.swift in Sources */,
				F42FDA0D230F3B0500D80A0E /* AppDelegate.swift in Sources */,
			);
			runOnlyForDeploymentPostprocessing = 0;
		};
		F42FDA19230F3B0700D80A0E /* Sources */ = {
			isa = PBXSourcesBuildPhase;
			buildActionMask = 2147483647;
			files = (
				F42FDA22230F3B0700D80A0E /* FoodieAppTests.swift in Sources */,
			);
			runOnlyForDeploymentPostprocessing = 0;
		};
		F42FDA24230F3B0700D80A0E /* Sources */ = {
			isa = PBXSourcesBuildPhase;
			buildActionMask = 2147483647;
			files = (
				F42FDA2D230F3B0700D80A0E /* FoodieAppUITests.swift in Sources */,
			);
			runOnlyForDeploymentPostprocessing = 0;
		};
/* End PBXSourcesBuildPhase section */

/* Begin PBXTargetDependency section */
		F42FDA1F230F3B0700D80A0E /* PBXTargetDependency */ = {
			isa = PBXTargetDependency;
			target = F42FDA08230F3B0500D80A0E /* FoodieApp */;
			targetProxy = F42FDA1E230F3B0700D80A0E /* PBXContainerItemProxy */;
		};
		F42FDA2A230F3B0700D80A0E /* PBXTargetDependency */ = {
			isa = PBXTargetDependency;
			target = F42FDA08230F3B0500D80A0E /* FoodieApp */;
			targetProxy = F42FDA29230F3B0700D80A0E /* PBXContainerItemProxy */;
		};
/* End PBXTargetDependency section */

/* Begin PBXVariantGroup section */
		F42FDA10230F3B0500D80A0E /* Main.storyboard */ = {
			isa = PBXVariantGroup;
			children = (
				F42FDA11230F3B0500D80A0E /* Base */,
			);
			name = Main.storyboard;
			sourceTree = "<group>";
		};
		F42FDA15230F3B0700D80A0E /* LaunchScreen.storyboard */ = {
			isa = PBXVariantGroup;
			children = (
				F42FDA16230F3B0700D80A0E /* Base */,
			);
			name = LaunchScreen.storyboard;
			sourceTree = "<group>";
		};
/* End PBXVariantGroup section */

/* Begin XCBuildConfiguration section */
		F42FDA2F230F3B0700D80A0E /* Debug */ = {
			isa = XCBuildConfiguration;
			buildSettings = {
				ALWAYS_SEARCH_USER_PATHS = NO;
				CLANG_ANALYZER_NONNULL = YES;
				CLANG_ANALYZER_NUMBER_OBJECT_CONVERSION = YES_AGGRESSIVE;
				CLANG_CXX_LANGUAGE_STANDARD = "gnu++14";
				CLANG_CXX_LIBRARY = "libc++";
				CLANG_ENABLE_MODULES = YES;
				CLANG_ENABLE_OBJC_ARC = YES;
				CLANG_ENABLE_OBJC_WEAK = YES;
				CLANG_WARN_BLOCK_CAPTURE_AUTORELEASING = YES;
				CLANG_WARN_BOOL_CONVERSION = YES;
				CLANG_WARN_COMMA = YES;
				CLANG_WARN_CONSTANT_CONVERSION = YES;
				CLANG_WARN_DEPRECATED_OBJC_IMPLEMENTATIONS = YES;
				CLANG_WARN_DIRECT_OBJC_ISA_USAGE = YES_ERROR;
				CLANG_WARN_DOCUMENTATION_COMMENTS = YES;
				CLANG_WARN_EMPTY_BODY = YES;
				CLANG_WARN_ENUM_CONVERSION = YES;
				CLANG_WARN_INFINITE_RECURSION = YES;
				CLANG_WARN_INT_CONVERSION = YES;
				CLANG_WARN_NON_LITERAL_NULL_CONVERSION = YES;
				CLANG_WARN_OBJC_IMPLICIT_RETAIN_SELF = YES;
				CLANG_WARN_OBJC_LITERAL_CONVERSION = YES;
				CLANG_WARN_OBJC_ROOT_CLASS = YES_ERROR;
				CLANG_WARN_RANGE_LOOP_ANALYSIS = YES;
				CLANG_WARN_STRICT_PROTOTYPES = YES;
				CLANG_WARN_SUSPICIOUS_MOVE = YES;
				CLANG_WARN_UNGUARDED_AVAILABILITY = YES_AGGRESSIVE;
				CLANG_WARN_UNREACHABLE_CODE = YES;
				CLANG_WARN__DUPLICATE_METHOD_MATCH = YES;
				CODE_SIGN_IDENTITY = "iPhone Developer";
				COPY_PHASE_STRIP = NO;
				DEBUG_INFORMATION_FORMAT = dwarf;
				ENABLE_STRICT_OBJC_MSGSEND = YES;
				ENABLE_TESTABILITY = YES;
				GCC_C_LANGUAGE_STANDARD = gnu11;
				GCC_DYNAMIC_NO_PIC = NO;
				GCC_NO_COMMON_BLOCKS = YES;
				GCC_OPTIMIZATION_LEVEL = 0;
				GCC_PREPROCESSOR_DEFINITIONS = (
					"DEBUG=1",
					"$(inherited)",
				);
				GCC_WARN_64_TO_32_BIT_CONVERSION = YES;
				GCC_WARN_ABOUT_RETURN_TYPE = YES_ERROR;
				GCC_WARN_UNDECLARED_SELECTOR = YES;
				GCC_WARN_UNINITIALIZED_AUTOS = YES_AGGRESSIVE;
				GCC_WARN_UNUSED_FUNCTION = YES;
				GCC_WARN_UNUSED_VARIABLE = YES;
				IPHONEOS_DEPLOYMENT_TARGET = 12.2;
				MTL_ENABLE_DEBUG_INFO = INCLUDE_SOURCE;
				MTL_FAST_MATH = YES;
				ONLY_ACTIVE_ARCH = YES;
				SDKROOT = iphoneos;
				SWIFT_ACTIVE_COMPILATION_CONDITIONS = DEBUG;
				SWIFT_OPTIMIZATION_LEVEL = "-Onone";
			};
			name = Debug;
		};
		F42FDA30230F3B0700D80A0E /* Release */ = {
			isa = XCBuildConfiguration;
			buildSettings = {
				ALWAYS_SEARCH_USER_PATHS = NO;
				CLANG_ANALYZER_NONNULL = YES;
				CLANG_ANALYZER_NUMBER_OBJECT_CONVERSION = YES_AGGRESSIVE;
				CLANG_CXX_LANGUAGE_STANDARD = "gnu++14";
				CLANG_CXX_LIBRARY = "libc++";
				CLANG_ENABLE_MODULES = YES;
				CLANG_ENABLE_OBJC_ARC = YES;
				CLANG_ENABLE_OBJC_WEAK = YES;
				CLANG_WARN_BLOCK_CAPTURE_AUTORELEASING = YES;
				CLANG_WARN_BOOL_CONVERSION = YES;
				CLANG_WARN_COMMA = YES;
				CLANG_WARN_CONSTANT_CONVERSION = YES;
				CLANG_WARN_DEPRECATED_OBJC_IMPLEMENTATIONS = YES;
				CLANG_WARN_DIRECT_OBJC_ISA_USAGE = YES_ERROR;
				CLANG_WARN_DOCUMENTATION_COMMENTS = YES;
				CLANG_WARN_EMPTY_BODY = YES;
				CLANG_WARN_ENUM_CONVERSION = YES;
				CLANG_WARN_INFINITE_RECURSION = YES;
				CLANG_WARN_INT_CONVERSION = YES;
				CLANG_WARN_NON_LITERAL_NULL_CONVERSION = YES;
				CLANG_WARN_OBJC_IMPLICIT_RETAIN_SELF = YES;
				CLANG_WARN_OBJC_LITERAL_CONVERSION = YES;
				CLANG_WARN_OBJC_ROOT_CLASS = YES_ERROR;
				CLANG_WARN_RANGE_LOOP_ANALYSIS = YES;
				CLANG_WARN_STRICT_PROTOTYPES = YES;
				CLANG_WARN_SUSPICIOUS_MOVE = YES;
				CLANG_WARN_UNGUARDED_AVAILABILITY = YES_AGGRESSIVE;
				CLANG_WARN_UNREACHABLE_CODE = YES;
				CLANG_WARN__DUPLICATE_METHOD_MATCH = YES;
				CODE_SIGN_IDENTITY = "iPhone Developer";
				COPY_PHASE_STRIP = NO;
				DEBUG_INFORMATION_FORMAT = "dwarf-with-dsym";
				ENABLE_NS_ASSERTIONS = NO;
				ENABLE_STRICT_OBJC_MSGSEND = YES;
				GCC_C_LANGUAGE_STANDARD = gnu11;
				GCC_NO_COMMON_BLOCKS = YES;
				GCC_WARN_64_TO_32_BIT_CONVERSION = YES;
				GCC_WARN_ABOUT_RETURN_TYPE = YES_ERROR;
				GCC_WARN_UNDECLARED_SELECTOR = YES;
				GCC_WARN_UNINITIALIZED_AUTOS = YES_AGGRESSIVE;
				GCC_WARN_UNUSED_FUNCTION = YES;
				GCC_WARN_UNUSED_VARIABLE = YES;
				IPHONEOS_DEPLOYMENT_TARGET = 12.2;
				MTL_ENABLE_DEBUG_INFO = NO;
				MTL_FAST_MATH = YES;
				SDKROOT = iphoneos;
				SWIFT_COMPILATION_MODE = wholemodule;
				SWIFT_OPTIMIZATION_LEVEL = "-O";
				VALIDATE_PRODUCT = YES;
			};
			name = Release;
		};
		F42FDA32230F3B0700D80A0E /* Debug */ = {
			isa = XCBuildConfiguration;
			baseConfigurationReference = 4AF5D4C0BA37BF3976FFCFF5 /* Pods-FoodieApp.debug.xcconfig */;
			buildSettings = {
				ASSETCATALOG_COMPILER_APPICON_NAME = AppIcon;
				CODE_SIGN_STYLE = Automatic;
				DEVELOPMENT_TEAM = U5UP96Z4H7;
				INFOPLIST_FILE = "$(SRCROOT)/FoodieApp/Supporting Files/Info.plist";
				LD_RUNPATH_SEARCH_PATHS = (
					"$(inherited)",
					"@executable_path/Frameworks",
				);
				PRODUCT_BUNDLE_IDENTIFIER = MervinFlores.FoodieApp;
				PRODUCT_NAME = "$(TARGET_NAME)";
				SWIFT_VERSION = 5.0;
				TARGETED_DEVICE_FAMILY = 1;
			};
			name = Debug;
		};
		F42FDA33230F3B0700D80A0E /* Release */ = {
			isa = XCBuildConfiguration;
			baseConfigurationReference = B37D7FB21F52D978BBDF80E6 /* Pods-FoodieApp.release.xcconfig */;
			buildSettings = {
				ASSETCATALOG_COMPILER_APPICON_NAME = AppIcon;
				CODE_SIGN_STYLE = Automatic;
				DEVELOPMENT_TEAM = U5UP96Z4H7;
				INFOPLIST_FILE = "$(SRCROOT)/FoodieApp/Supporting Files/Info.plist";
				LD_RUNPATH_SEARCH_PATHS = (
					"$(inherited)",
					"@executable_path/Frameworks",
				);
				PRODUCT_BUNDLE_IDENTIFIER = MervinFlores.FoodieApp;
				PRODUCT_NAME = "$(TARGET_NAME)";
				SWIFT_VERSION = 5.0;
				TARGETED_DEVICE_FAMILY = 1;
			};
			name = Release;
		};
		F42FDA35230F3B0700D80A0E /* Debug */ = {
			isa = XCBuildConfiguration;
			baseConfigurationReference = 7058B2958BA449EDD4C68354 /* Pods-FoodieAppTests.debug.xcconfig */;
			buildSettings = {
				ALWAYS_EMBED_SWIFT_STANDARD_LIBRARIES = YES;
				BUNDLE_LOADER = "$(TEST_HOST)";
				CODE_SIGN_STYLE = Automatic;
				DEVELOPMENT_TEAM = U5UP96Z4H7;
				INFOPLIST_FILE = FoodieAppTests/Info.plist;
				LD_RUNPATH_SEARCH_PATHS = (
					"$(inherited)",
					"@executable_path/Frameworks",
					"@loader_path/Frameworks",
				);
				PRODUCT_BUNDLE_IDENTIFIER = MervinFlores.FoodieAppTests;
				PRODUCT_NAME = "$(TARGET_NAME)";
				SWIFT_VERSION = 5.0;
				TARGETED_DEVICE_FAMILY = "1,2";
				TEST_HOST = "$(BUILT_PRODUCTS_DIR)/FoodieApp.app/FoodieApp";
			};
			name = Debug;
		};
		F42FDA36230F3B0700D80A0E /* Release */ = {
			isa = XCBuildConfiguration;
			baseConfigurationReference = B47F334EDDEF21AEB4BBA4BE /* Pods-FoodieAppTests.release.xcconfig */;
			buildSettings = {
				ALWAYS_EMBED_SWIFT_STANDARD_LIBRARIES = YES;
				BUNDLE_LOADER = "$(TEST_HOST)";
				CODE_SIGN_STYLE = Automatic;
				DEVELOPMENT_TEAM = U5UP96Z4H7;
				INFOPLIST_FILE = FoodieAppTests/Info.plist;
				LD_RUNPATH_SEARCH_PATHS = (
					"$(inherited)",
					"@executable_path/Frameworks",
					"@loader_path/Frameworks",
				);
				PRODUCT_BUNDLE_IDENTIFIER = MervinFlores.FoodieAppTests;
				PRODUCT_NAME = "$(TARGET_NAME)";
				SWIFT_VERSION = 5.0;
				TARGETED_DEVICE_FAMILY = "1,2";
				TEST_HOST = "$(BUILT_PRODUCTS_DIR)/FoodieApp.app/FoodieApp";
			};
			name = Release;
		};
		F42FDA38230F3B0700D80A0E /* Debug */ = {
			isa = XCBuildConfiguration;
			baseConfigurationReference = 8C92099050FFCA0422FF97A1 /* Pods-FoodieAppUITests.debug.xcconfig */;
			buildSettings = {
				ALWAYS_EMBED_SWIFT_STANDARD_LIBRARIES = YES;
				CODE_SIGN_STYLE = Automatic;
				DEVELOPMENT_TEAM = U5UP96Z4H7;
				INFOPLIST_FILE = FoodieAppUITests/Info.plist;
				LD_RUNPATH_SEARCH_PATHS = (
					"$(inherited)",
					"@executable_path/Frameworks",
					"@loader_path/Frameworks",
				);
				PRODUCT_BUNDLE_IDENTIFIER = MervinFlores.FoodieAppUITests;
				PRODUCT_NAME = "$(TARGET_NAME)";
				SWIFT_VERSION = 5.0;
				TARGETED_DEVICE_FAMILY = "1,2";
				TEST_TARGET_NAME = FoodieApp;
			};
			name = Debug;
		};
		F42FDA39230F3B0700D80A0E /* Release */ = {
			isa = XCBuildConfiguration;
			baseConfigurationReference = 606F5DACC0A4ACD0E15AD5E9 /* Pods-FoodieAppUITests.release.xcconfig */;
			buildSettings = {
				ALWAYS_EMBED_SWIFT_STANDARD_LIBRARIES = YES;
				CODE_SIGN_STYLE = Automatic;
				DEVELOPMENT_TEAM = U5UP96Z4H7;
				INFOPLIST_FILE = FoodieAppUITests/Info.plist;
				LD_RUNPATH_SEARCH_PATHS = (
					"$(inherited)",
					"@executable_path/Frameworks",
					"@loader_path/Frameworks",
				);
				PRODUCT_BUNDLE_IDENTIFIER = MervinFlores.FoodieAppUITests;
				PRODUCT_NAME = "$(TARGET_NAME)";
				SWIFT_VERSION = 5.0;
				TARGETED_DEVICE_FAMILY = "1,2";
				TEST_TARGET_NAME = FoodieApp;
			};
			name = Release;
		};
/* End XCBuildConfiguration section */

/* Begin XCConfigurationList section */
		F42FDA04230F3B0500D80A0E /* Build configuration list for PBXProject "FoodieApp" */ = {
			isa = XCConfigurationList;
			buildConfigurations = (
				F42FDA2F230F3B0700D80A0E /* Debug */,
				F42FDA30230F3B0700D80A0E /* Release */,
			);
			defaultConfigurationIsVisible = 0;
			defaultConfigurationName = Release;
		};
		F42FDA31230F3B0700D80A0E /* Build configuration list for PBXNativeTarget "FoodieApp" */ = {
			isa = XCConfigurationList;
			buildConfigurations = (
				F42FDA32230F3B0700D80A0E /* Debug */,
				F42FDA33230F3B0700D80A0E /* Release */,
			);
			defaultConfigurationIsVisible = 0;
			defaultConfigurationName = Release;
		};
		F42FDA34230F3B0700D80A0E /* Build configuration list for PBXNativeTarget "FoodieAppTests" */ = {
			isa = XCConfigurationList;
			buildConfigurations = (
				F42FDA35230F3B0700D80A0E /* Debug */,
				F42FDA36230F3B0700D80A0E /* Release */,
			);
			defaultConfigurationIsVisible = 0;
			defaultConfigurationName = Release;
		};
		F42FDA37230F3B0700D80A0E /* Build configuration list for PBXNativeTarget "FoodieAppUITests" */ = {
			isa = XCConfigurationList;
			buildConfigurations = (
				F42FDA38230F3B0700D80A0E /* Debug */,
				F42FDA39230F3B0700D80A0E /* Release */,
			);
			defaultConfigurationIsVisible = 0;
			defaultConfigurationName = Release;
		};
/* End XCConfigurationList section */
	};
	rootObject = F42FDA01230F3B0500D80A0E /* Project object */;
}
